
Microsoft Visual Studio Solution File, Format Version 12.00
# Visual Studio Version 17
VisualStudioVersion = 17.11.35219.272
MinimumVisualStudioVersion = 10.0.40219.1
Project("{FAE04EC0-301F-11D3-BF4B-00C04F79EFBC}") = "JenkinsDemo", "JenkinsDemo\JenkinsDemo.csproj", "{41DD40B7-B973-4FC8-ACC2-D525D457A2CE}"
EndProject
Global
	GlobalSection(SolutionConfigurationPlatforms) = preSolution
		Debug|Any CPU = Debug|Any CPU
		Release|Any CPU = Release|Any CPU
	EndGlobalSection
	GlobalSection(ProjectConfigurationPlatforms) = postSolution
		{41DD40B7-B973-4FC8-ACC2-D525D457A2CE}.Debug|Any CPU.ActiveCfg = Debug|Any CPU
		{41DD40B7-B973-4FC8-ACC2-D525D457A2CE}.Debug|Any CPU.Build.0 = Debug|Any CPU
		{41DD40B7-B973-4FC8-ACC2-D525D457A2CE}.Release|Any CPU.ActiveCfg = Release|Any CPU
		{41DD40B7-B973-4FC8-ACC2-D525D457A2CE}.Release|Any CPU.Build.0 = Release|Any CPU
	EndGlobalSection
	GlobalSection(SolutionProperties) = preSolution
		HideSolutionNode = FALSE
	EndGlobalSection
	GlobalSection(ExtensibilityGlobals) = postSolution
		SolutionGuid = {C64A995A-A7DC-48ED-B0C3-4609719F2DBD}
	EndGlobalSection
EndGlobal
